lockfileVersion: '9.0'

settings:
  autoInstallPeers: true
  excludeLinksFromLockfile: false

importers:

  .:
    devDependencies:
      '@playwright/test':
        specifier: ^1.63.0
        version: 1.63.0
      '@types/node':
        specifier: ^26.6.4
        version: 26.6.4
      allure-commandline:
        specifier: ^2.46.1
        version: 2.46.1
      allure-playwright:
        specifier: ^3.13.0
        version: 3.13.0(@playwright/test@1.63.0)
      typescript:
        specifier: ^5.9.3
        version: 5.9.3

packages:

  '@playwright/test@1.63.0':
    resolution: {integrity: sha512-oxMK4vllB9RK5NQ2l1pq1IfOf2AvnEuj/vYGDj0H2nMtmtZpKtCwt/l00GEO6xjGfpBNAvjovvYdCm50dRQkpQ==}
    engines: {node: '>=20'}
    hasBin: true

  '@types/node@26.6.4':
    resolution: {integrity: sha512-ldVPDCzj7fsaGZrLB0NuHuTvJcsNasysBAqMolr/cgxrLd1xbqxIr3XJiPnHHJUCxj5sNF1vnRj9aWnrVh5Jcg==}

  allure-commandline@2.46.1:
    resolution: {integrity: sha512-4HTxbXR9D2+cJV9z4MO/IUa7sfYiLLXBP3/4MWSqC63ey55wBMvXAk83yZYwJ2t+jKU1Z7QW6LgCUx0BhPy9EQ==}
    hasBin: true

  allure-js-commons@3.13.0:
    resolution: {integrity: sha512-NC4qcbmfpuYTstdw+EgimzhpHD2T85wzBNWRMPpu9rukkLzRlLvSmUCo5hy6vEvwQd9BUQh2yMFplJ+shIpVrA==}
    peerDependencies:
      allure-playwright: 3.13.0
    peerDependenciesMeta:
      allure-playwright:
        optional: true

  allure-playwright@3.13.0:
    resolution: {integrity: sha512-U9pLbm1+kTtGd+1Wqgb0wgsVTX730BdRc6tT0uQ8upzhEjsyjC2OnPCaMScXKPCv4uLWzORyem7d7cgnVz8fEA==}
    peerDependencies:
      '@playwright/test': '>=1.62.0'

  charenc@0.0.2:
    resolution: {integrity: sha512-yrLQ/yVUFXkzg7EDQsPieE/53+0RlaWTs+wBrvW36cyilJ2SaDWfl4Yj7MtLTXleV9uEKefbAGUPv2/iWSooRA==}

  crypt@0.0.2:
    resolution: {integrity: sha512-mCxBlsHFYh9C+HVpiEacem8FEBnMXgU9gy4zmNC+SXAZNB/1idgp/aulFJ4FgCi7GPEVbfyng092GqL2k2rmow==}

  is-buffer@1.1.6:
    resolution: {integrity: sha512-NcdALwpXkTm5Zvvbk7owOUSvVvBKDgKP5/ewfXEznmQFfs4ZRmanOeKBTjRVjka3QFoN6XJ+9F3USqfHqTaU5w==}

  md5@2.3.0:
    resolution: {integrity: sha512-T1GITYmFaKuO91vxyoQMFETst+O71VUPEU3ze5GNzDm0OWdP8v1ziTaAEPUr/3kLsY3Sftgz242A1SetQiDL7g==}

  playwright-core@1.63.0:
    resolution: {integrity: sha512-rYCsBF/M5HjUch52bbtVONEFjv6Xu8sm8h72dNlR5bzIE1fvC/bxgspzkjSfU+MweEMmPM8KJebG6nnyxo5mCg==}
    engines: {node: '>=20'}
    hasBin: true

  playwright@1.63.0:
    resolution: {integrity: sha512-+7ziBLidS4NaNCdt57SUDT+wYmmd5fmiQejUic/kb+YsYSCPyOOE9sebzMjNmQrsnNpDJqd4WHvV/8lfKfUDUg==}
    engines: {node: '>=20'}
    hasBin: true

  typescript@5.9.3:
    resolution: {integrity: sha512-jl1vZzPDinLr9eUt3J/t7V6FgNEw9QjvBPdysz9KfQDD41fQrC2Y4vKQdiaUpFT4bXlb1RHhLpp8wtm6M5TgSw==}
    engines: {node: '>=14.17'}
    hasBin: true

  undici-types@8.9.0:
    resolution: {integrity: sha512-KTDyRTYX8sWmKXAikPHHSyc63CRPETMctyjKFupcC6OBLXT3xsN0e9aF7m+mIXutFWpUXuedtowG7iLOzp0kQg==}

snapshots:

  '@playwright/test@1.63.0':
    dependencies:
      playwright: 1.63.0

  '@types/node@26.6.4':
    dependencies:
      undici-types: 8.9.0

  allure-commandline@2.46.1: {}

  allure-js-commons@3.13.0(allure-playwright@3.13.0(@playwright/test@1.63.0)):
    dependencies:
      md5: 2.3.0
    optionalDependencies:
      allure-playwright: 3.13.0(@playwright/test@1.63.0)

  allure-playwright@3.13.0(@playwright/test@1.63.0):
    dependencies:
      '@playwright/test': 1.63.0
      allure-js-commons: 3.13.0(allure-playwright@3.13.0(@playwright/test@1.63.0))

  charenc@0.0.2: {}

  crypt@0.0.2: {}

  is-buffer@1.1.6: {}

  md5@2.3.0:
    dependencies:
      charenc: 0.0.2
      crypt: 0.0.2
      is-buffer: 1.1.6

  playwright-core@1.63.0: {}

  playwright@1.63.0:
    dependencies:
      playwright-core: 1.63.0

  typescript@5.9.3: {}

  undici-types@8.9.0: {}
